
Microsoft Visual Studio Solution File, Format Version 12.00
# Visual Studio Version 17
VisualStudioVersion = 17.8.34330.188
MinimumVisualStudioVersion = 10.0.40219.1
Project("{2150E333-8FDC-42A3-9474-1A3956D46DE8}") = "_ Solution Items", "_ Solution Items", "{ECF383AF-065D-4B0C-B66B-3DEF5CF537A1}"
	ProjectSection(SolutionItems) = preProject
		.editorconfig = .editorconfig
		.gitignore = .gitignore
	EndProjectSection
EndProject
Project("{9A19103F-16F7-4668-BE54-9A1E7A4F7556}") = "MvcWeb", "MvcWeb\MvcWeb.csproj", "{53511D08-00BC-46EF-8363-1360B9641F95}"
EndProject
Project("{00D1A9C2-B5F0-4AF3-8072-F6C62B433612}") = "MineNet.DB", "MineNet.DB\MineNet.DB.sqlproj", "{9A8A0563-1C97-453C-B584-0F034F58160F}"
EndProject
Project("{9A19103F-16F7-4668-BE54-9A1E7A4F7556}") = "Core", "Data\Core.csproj", "{B130AEC1-ED88-4E75-8D43-938C12E3C62E}"
EndProject
Project("{9A19103F-16F7-4668-BE54-9A1E7A4F7556}") = "HistoryETL", "HistoryETL\HistoryETL.csproj", "{6EE055EA-F5DB-40EA-B185-DE353C6830B7}"
EndProject
Project("{2150E333-8FDC-42A3-9474-1A3956D46DE8}") = "libs", "libs", "{2BB4DB7A-5C5D-49DB-9D5E-CD6DDA310C4B}"
EndProject
Project("{2150E333-8FDC-42A3-9474-1A3956D46DE8}") = "Utilities", "Utilities", "{4EA8BB14-4336-4C03-BC01-180E2CDD8570}"
EndProject
Project("{9A19103F-16F7-4668-BE54-9A1E7A4F7556}") = "Services", "Services\Services.csproj", "{9FE7658A-0DBE-4861-8A4B-28423E2A665F}"
EndProject
Project("{9A19103F-16F7-4668-BE54-9A1E7A4F7556}") = "MvcWeb.Models", "MvcWeb.Models\MvcWeb.Models.csproj", "{8E5354BD-B378-4A0A-9D10-C36D9A67C80C}"
EndProject
Project("{FAE04EC0-301F-11D3-BF4B-00C04F79EFBC}") = "MvcWeb.Paradox", "MvcWeb.Paradox\MvcWeb.Paradox.csproj", "{52A992BB-1EBB-4BC5-BAB1-754AC16C825A}"
EndProject
Global
	GlobalSection(SolutionConfigurationPlatforms) = preSolution
		Debug|Any CPU = Debug|Any CPU
		Release|Any CPU = Release|Any CPU
	EndGlobalSection
	GlobalSection(ProjectConfigurationPlatforms) = postSolution
		{53511D08-00BC-46EF-8363-1360B9641F95}.Debug|Any CPU.ActiveCfg = Debug|Any CPU
		{53511D08-00BC-46EF-8363-1360B9641F95}.Debug|Any CPU.Build.0 = Debug|Any CPU
		{53511D08-00BC-46EF-8363-1360B9641F95}.Release|Any CPU.ActiveCfg = Release|Any CPU
		{53511D08-00BC-46EF-8363-1360B9641F95}.Release|Any CPU.Build.0 = Release|Any CPU
		{9A8A0563-1C97-453C-B584-0F034F58160F}.Debug|Any CPU.ActiveCfg = Debug|Any CPU
		{9A8A0563-1C97-453C-B584-0F034F58160F}.Debug|Any CPU.Build.0 = Debug|Any CPU
		{9A8A0563-1C97-453C-B584-0F034F58160F}.Debug|Any CPU.Deploy.0 = Debug|Any CPU
		{9A8A0563-1C97-453C-B584-0F034F58160F}.Release|Any CPU.ActiveCfg = Release|Any CPU
		{9A8A0563-1C97-453C-B584-0F034F58160F}.Release|Any CPU.Build.0 = Release|Any CPU
		{9A8A0563-1C97-453C-B584-0F034F58160F}.Release|Any CPU.Deploy.0 = Release|Any CPU
		{B130AEC1-ED88-4E75-8D43-938C12E3C62E}.Debug|Any CPU.ActiveCfg = Debug|Any CPU
		{B130AEC1-ED88-4E75-8D43-938C12E3C62E}.Debug|Any CPU.Build.0 = Debug|Any CPU
		{B130AEC1-ED88-4E75-8D43-938C12E3C62E}.Release|Any CPU.ActiveCfg = Release|Any CPU
		{B130AEC1-ED88-4E75-8D43-938C12E3C62E}.Release|Any CPU.Build.0 = Release|Any CPU
		{6EE055EA-F5DB-40EA-B185-DE353C6830B7}.Debug|Any CPU.ActiveCfg = Debug|Any CPU
		{6EE055EA-F5DB-40EA-B185-DE353C6830B7}.Debug|Any CPU.Build.0 = Debug|Any CPU
		{6EE055EA-F5DB-40EA-B185-DE353C6830B7}.Release|Any CPU.ActiveCfg = Release|Any CPU
		{6EE055EA-F5DB-40EA-B185-DE353C6830B7}.Release|Any CPU.Build.0 = Release|Any CPU
		{9FE7658A-0DBE-4861-8A4B-28423E2A665F}.Debug|Any CPU.ActiveCfg = Debug|Any CPU
		{9FE7658A-0DBE-4861-8A4B-28423E2A665F}.Debug|Any CPU.Build.0 = Debug|Any CPU
		{9FE7658A-0DBE-4861-8A4B-28423E2A665F}.Release|Any CPU.ActiveCfg = Release|Any CPU
		{9FE7658A-0DBE-4861-8A4B-28423E2A665F}.Release|Any CPU.Build.0 = Release|Any CPU
		{8E5354BD-B378-4A0A-9D10-C36D9A67C80C}.Debug|Any CPU.ActiveCfg = Debug|Any CPU
		{8E5354BD-B378-4A0A-9D10-C36D9A67C80C}.Debug|Any CPU.Build.0 = Debug|Any CPU
		{8E5354BD-B378-4A0A-9D10-C36D9A67C80C}.Release|Any CPU.ActiveCfg = Release|Any CPU
		{8E5354BD-B378-4A0A-9D10-C36D9A67C80C}.Release|Any CPU.Build.0 = Release|Any CPU
		{52A992BB-1EBB-4BC5-BAB1-754AC16C825A}.Debug|Any CPU.ActiveCfg = Debug|Any CPU
		{52A992BB-1EBB-4BC5-BAB1-754AC16C825A}.Debug|Any CPU.Build.0 = Debug|Any CPU
		{52A992BB-1EBB-4BC5-BAB1-754AC16C825A}.Release|Any CPU.ActiveCfg = Release|Any CPU
		{52A992BB-1EBB-4BC5-BAB1-754AC16C825A}.Release|Any CPU.Build.0 = Release|Any CPU
	EndGlobalSection
	GlobalSection(SolutionProperties) = preSolution
		HideSolutionNode = FALSE
	EndGlobalSection
	GlobalSection(NestedProjects) = preSolution
		{53511D08-00BC-46EF-8363-1360B9641F95} = {2BB4DB7A-5C5D-49DB-9D5E-CD6DDA310C4B}
		{9A8A0563-1C97-453C-B584-0F034F58160F} = {2BB4DB7A-5C5D-49DB-9D5E-CD6DDA310C4B}
		{B130AEC1-ED88-4E75-8D43-938C12E3C62E} = {2BB4DB7A-5C5D-49DB-9D5E-CD6DDA310C4B}
		{6EE055EA-F5DB-40EA-B185-DE353C6830B7} = {4EA8BB14-4336-4C03-BC01-180E2CDD8570}
		{8E5354BD-B378-4A0A-9D10-C36D9A67C80C} = {2BB4DB7A-5C5D-49DB-9D5E-CD6DDA310C4B}
	EndGlobalSection
	GlobalSection(ExtensibilityGlobals) = postSolution
		SolutionGuid = {C0582702-CB7A-41D6-9715-E60F4C57903F}
	EndGlobalSection
EndGlobal
